
Microsoft Visual Studio Solution File, Format Version 12.00
# Visual Studio Version 17
VisualStudioVersion = 17.6.33829.357
MinimumVisualStudioVersion = 10.0.40219.1
Project("{FAE04EC0-301F-11D3-BF4B-00C04F79EFBC}") = "Broadcaster.Api", "Broadcaster\Broadcaster.Api.csproj", "{CDF4250E-4652-4060-ABC3-70EC0F9B7C5E}"
EndProject
Project("{FAE04EC0-301F-11D3-BF4B-00C04F79EFBC}") = "Broadcaster.Domain", "Broadcaster.Domain\Broadcaster.Domain.csproj", "{A43A8D1F-E9B6-486F-8A93-5F906B0C0DCD}"
EndProject
Project("{FAE04EC0-301F-11D3-BF4B-00C04F79EFBC}") = "Broadcaster.Infrastructure", "Broadcaster.Infrastructure\Broadcaster.Infrastructure.csproj", "{CE0AE209-092D-4BA9-B68E-EB2962040A15}"
EndProject
Global
	GlobalSection(SolutionConfigurationPlatforms) = preSolution
		Debug|Any CPU = Debug|Any CPU
		Release|Any CPU = Release|Any CPU
	EndGlobalSection
	GlobalSection(ProjectConfigurationPlatforms) = postSolution
		{CDF4250E-4652-4060-ABC3-70EC0F9B7C5E}.Debug|Any CPU.ActiveCfg = Debug|Any CPU
		{CDF4250E-4652-4060-ABC3-70EC0F9B7C5E}.Debug|Any CPU.Build.0 = Debug|Any CPU
		{CDF4250E-4652-4060-ABC3-70EC0F9B7C5E}.Release|Any CPU.ActiveCfg = Release|Any CPU
		{CDF4250E-4652-4060-ABC3-70EC0F9B7C5E}.Release|Any CPU.Build.0 = Release|Any CPU
		{A43A8D1F-E9B6-486F-8A93-5F906B0C0DCD}.Debug|Any CPU.ActiveCfg = Debug|Any CPU
		{A43A8D1F-E9B6-486F-8A93-5F906B0C0DCD}.Debug|Any CPU.Build.0 = Debug|Any CPU
		{A43A8D1F-E9B6-486F-8A93-5F906B0C0DCD}.Release|Any CPU.ActiveCfg = Release|Any CPU
		{A43A8D1F-E9B6-486F-8A93-5F906B0C0DCD}.Release|Any CPU.Build.0 = Release|Any CPU
		{CE0AE209-092D-4BA9-B68E-EB2962040A15}.Debug|Any CPU.ActiveCfg = Debug|Any CPU
		{CE0AE209-092D-4BA9-B68E-EB2962040A15}.Debug|Any CPU.Build.0 = Debug|Any CPU
		{CE0AE209-092D-4BA9-B68E-EB2962040A15}.Release|Any CPU.ActiveCfg = Release|Any CPU
		{CE0AE209-092D-4BA9-B68E-EB2962040A15}.Release|Any CPU.Build.0 = Release|Any CPU
	EndGlobalSection
	GlobalSection(SolutionProperties) = preSolution
		HideSolutionNode = FALSE
	EndGlobalSection
	GlobalSection(ExtensibilityGlobals) = postSolution
		SolutionGuid = {68659FC1-FB41-429C-9125-7AEB39F49F13}
	EndGlobalSection
EndGlobal
